
Microsoft Visual Studio Solution File, Format Version 12.00
# Visual Studio 15
VisualStudioVersion = 15.0.27130.2026
MinimumVisualStudioVersion = 10.0.40219.1
Project("{FAE04EC0-301F-11D3-BF4B-00C04F79EFBC}") = "CRMPhone", "CRMPhone\CRMPhone.csproj", "{B34CFB1A-EDC8-49A7-B838-AEBDCC6DF6B9}"
EndProject
Project("{FAE04EC0-301F-11D3-BF4B-00C04F79EFBC}") = "RequestServiceImpl", "RequestService\RequestServiceImpl.csproj", "{F8832D54-A8E8-44EA-A64B-26202D7B64C9}"
EndProject
Project("{FAE04EC0-301F-11D3-BF4B-00C04F79EFBC}") = "RequestWcfService", "RequestWcfService\RequestWcfService.csproj", "{FEA43223-0544-4A6F-9A29-6196267E73AC}"
EndProject
Project("{FAE04EC0-301F-11D3-BF4B-00C04F79EFBC}") = "SaveWcfService", "SaveWcfService\SaveWcfService.csproj", "{4FF1EFDF-FC04-47B3-AC88-5C6F6F8F905F}"
EndProject
Project("{FAE04EC0-301F-11D3-BF4B-00C04F79EFBC}") = "DevinoSender", "DevinoSenter\DevinoSender.csproj", "{C94B6D32-72BB-40B2-BA6C-84C80690769B}"
EndProject
Project("{FAE04EC0-301F-11D3-BF4B-00C04F79EFBC}") = "BridgeAMI", "BridgeAMI\BridgeAMI.csproj", "{0EA97B0D-F10D-4CB2-B7C6-F244CC69FC7C}"
EndProject
Project("{FAE04EC0-301F-11D3-BF4B-00C04F79EFBC}") = "PjSIPClient", "PjSIPClient\PjSIPClient.csproj", "{37FBE8D8-73C2-49A9-A430-1C8510890B9A}"
EndProject
Project("{FAE04EC0-301F-11D3-BF4B-00C04F79EFBC}") = "StopAllAutoRing", "StopAllAutoRing\StopAllAutoRing.csproj", "{1152F7AD-E8A6-4C11-815E-468ACA09A8F9}"
EndProject
Project("{FAE04EC0-301F-11D3-BF4B-00C04F79EFBC}") = "ChangeStateToInWork", "ChangeStateToInWork\ChangeStateToInWork.csproj", "{59C7C3D9-F311-41AF-8F8F-30453F2DC7FD}"
EndProject
Project("{FAE04EC0-301F-11D3-BF4B-00C04F79EFBC}") = "AppWebService", "AppWebService\AppWebService.csproj", "{5876CBBC-69A6-446A-B99F-78C88FE3E7E9}"
EndProject
Project("{9A19103F-16F7-4668-BE54-9A1E7A4F7556}") = "RequestWebService", "RequestWebService\RequestWebService.csproj", "{CF5DB6DF-75CB-47CF-AC83-977100069CB4}"
EndProject
Project("{9A19103F-16F7-4668-BE54-9A1E7A4F7556}") = "WebApi", "WebApi\WebApi.csproj", "{B504F339-C08D-456B-817E-B502F873A550}"
EndProject
Project("{FAE04EC0-301F-11D3-BF4B-00C04F79EFBC}") = "RudiGrobler.Controls", "CRMPhone\RudiGrobler.Controls\RudiGrobler.Controls.csproj", "{73CA44CE-7DC1-4EDD-8F32-303D51E09911}"
EndProject
Project("{FAE04EC0-301F-11D3-BF4B-00C04F79EFBC}") = "AppNotification", "AppNotification\AppNotification.csproj", "{4ECC9BBA-6F59-4722-8C69-66AA98102C8F}"
EndProject
Project("{FAE04EC0-301F-11D3-BF4B-00C04F79EFBC}") = "SpeechTest2", "SpeechTest2\SpeechTest2.csproj", "{F07203CC-7207-4B53-BC74-B94452C703D7}"
EndProject
Global
	GlobalSection(SolutionConfigurationPlatforms) = preSolution
		Debug|Any CPU = Debug|Any CPU
		Release|Any CPU = Release|Any CPU
	EndGlobalSection
	GlobalSection(ProjectConfigurationPlatforms) = postSolution
		{B34CFB1A-EDC8-49A7-B838-AEBDCC6DF6B9}.Debug|Any CPU.ActiveCfg = Debug|Any CPU
		{B34CFB1A-EDC8-49A7-B838-AEBDCC6DF6B9}.Debug|Any CPU.Build.0 = Debug|Any CPU
		{B34CFB1A-EDC8-49A7-B838-AEBDCC6DF6B9}.Release|Any CPU.ActiveCfg = Release|Any CPU
		{B34CFB1A-EDC8-49A7-B838-AEBDCC6DF6B9}.Release|Any CPU.Build.0 = Release|Any CPU
		{F8832D54-A8E8-44EA-A64B-26202D7B64C9}.Debug|Any CPU.ActiveCfg = Debug|Any CPU
		{F8832D54-A8E8-44EA-A64B-26202D7B64C9}.Debug|Any CPU.Build.0 = Debug|Any CPU
		{F8832D54-A8E8-44EA-A64B-26202D7B64C9}.Release|Any CPU.ActiveCfg = Release|Any CPU
		{F8832D54-A8E8-44EA-A64B-26202D7B64C9}.Release|Any CPU.Build.0 = Release|Any CPU
		{FEA43223-0544-4A6F-9A29-6196267E73AC}.Debug|Any CPU.ActiveCfg = Debug|Any CPU
		{FEA43223-0544-4A6F-9A29-6196267E73AC}.Debug|Any CPU.Build.0 = Debug|Any CPU
		{FEA43223-0544-4A6F-9A29-6196267E73AC}.Release|Any CPU.ActiveCfg = Release|Any CPU
		{FEA43223-0544-4A6F-9A29-6196267E73AC}.Release|Any CPU.Build.0 = Release|Any CPU
		{4FF1EFDF-FC04-47B3-AC88-5C6F6F8F905F}.Debug|Any CPU.ActiveCfg = Debug|Any CPU
		{4FF1EFDF-FC04-47B3-AC88-5C6F6F8F905F}.Debug|Any CPU.Build.0 = Debug|Any CPU
		{4FF1EFDF-FC04-47B3-AC88-5C6F6F8F905F}.Release|Any CPU.ActiveCfg = Release|Any CPU
		{4FF1EFDF-FC04-47B3-AC88-5C6F6F8F905F}.Release|Any CPU.Build.0 = Release|Any CPU
		{C94B6D32-72BB-40B2-BA6C-84C80690769B}.Debug|Any CPU.ActiveCfg = Debug|Any CPU
		{C94B6D32-72BB-40B2-BA6C-84C80690769B}.Debug|Any CPU.Build.0 = Debug|Any CPU
		{C94B6D32-72BB-40B2-BA6C-84C80690769B}.Release|Any CPU.ActiveCfg = Release|Any CPU
		{C94B6D32-72BB-40B2-BA6C-84C80690769B}.Release|Any CPU.Build.0 = Release|Any CPU
		{0EA97B0D-F10D-4CB2-B7C6-F244CC69FC7C}.Debug|Any CPU.ActiveCfg = Debug|Any CPU
		{0EA97B0D-F10D-4CB2-B7C6-F244CC69FC7C}.Debug|Any CPU.Build.0 = Debug|Any CPU
		{0EA97B0D-F10D-4CB2-B7C6-F244CC69FC7C}.Release|Any CPU.ActiveCfg = Release|Any CPU
		{0EA97B0D-F10D-4CB2-B7C6-F244CC69FC7C}.Release|Any CPU.Build.0 = Release|Any CPU
		{37FBE8D8-73C2-49A9-A430-1C8510890B9A}.Debug|Any CPU.ActiveCfg = Debug|Any CPU
		{37FBE8D8-73C2-49A9-A430-1C8510890B9A}.Debug|Any CPU.Build.0 = Debug|Any CPU
		{37FBE8D8-73C2-49A9-A430-1C8510890B9A}.Release|Any CPU.ActiveCfg = Release|Any CPU
		{37FBE8D8-73C2-49A9-A430-1C8510890B9A}.Release|Any CPU.Build.0 = Release|Any CPU
		{1152F7AD-E8A6-4C11-815E-468ACA09A8F9}.Debug|Any CPU.ActiveCfg = Debug|Any CPU
		{1152F7AD-E8A6-4C11-815E-468ACA09A8F9}.Debug|Any CPU.Build.0 = Debug|Any CPU
		{1152F7AD-E8A6-4C11-815E-468ACA09A8F9}.Release|Any CPU.ActiveCfg = Release|Any CPU
		{1152F7AD-E8A6-4C11-815E-468ACA09A8F9}.Release|Any CPU.Build.0 = Release|Any CPU
		{59C7C3D9-F311-41AF-8F8F-30453F2DC7FD}.Debug|Any CPU.ActiveCfg = Debug|Any CPU
		{59C7C3D9-F311-41AF-8F8F-30453F2DC7FD}.Debug|Any CPU.Build.0 = Debug|Any CPU
		{59C7C3D9-F311-41AF-8F8F-30453F2DC7FD}.Release|Any CPU.ActiveCfg = Release|Any CPU
		{59C7C3D9-F311-41AF-8F8F-30453F2DC7FD}.Release|Any CPU.Build.0 = Release|Any CPU
		{5876CBBC-69A6-446A-B99F-78C88FE3E7E9}.Debug|Any CPU.ActiveCfg = Debug|Any CPU
		{5876CBBC-69A6-446A-B99F-78C88FE3E7E9}.Debug|Any CPU.Build.0 = Debug|Any CPU
		{5876CBBC-69A6-446A-B99F-78C88FE3E7E9}.Release|Any CPU.ActiveCfg = Release|Any CPU
		{5876CBBC-69A6-446A-B99F-78C88FE3E7E9}.Release|Any CPU.Build.0 = Release|Any CPU
		{CF5DB6DF-75CB-47CF-AC83-977100069CB4}.Debug|Any CPU.ActiveCfg = Debug|Any CPU
		{CF5DB6DF-75CB-47CF-AC83-977100069CB4}.Debug|Any CPU.Build.0 = Debug|Any CPU
		{CF5DB6DF-75CB-47CF-AC83-977100069CB4}.Release|Any CPU.ActiveCfg = Release|Any CPU
		{CF5DB6DF-75CB-47CF-AC83-977100069CB4}.Release|Any CPU.Build.0 = Release|Any CPU
		{B504F339-C08D-456B-817E-B502F873A550}.Debug|Any CPU.ActiveCfg = Debug|Any CPU
		{B504F339-C08D-456B-817E-B502F873A550}.Debug|Any CPU.Build.0 = Debug|Any CPU
		{B504F339-C08D-456B-817E-B502F873A550}.Release|Any CPU.ActiveCfg = Release|Any CPU
		{B504F339-C08D-456B-817E-B502F873A550}.Release|Any CPU.Build.0 = Release|Any CPU
		{73CA44CE-7DC1-4EDD-8F32-303D51E09911}.Debug|Any CPU.ActiveCfg = Debug|Any CPU
		{73CA44CE-7DC1-4EDD-8F32-303D51E09911}.Debug|Any CPU.Build.0 = Debug|Any CPU
		{73CA44CE-7DC1-4EDD-8F32-303D51E09911}.Release|Any CPU.ActiveCfg = Release|Any CPU
		{73CA44CE-7DC1-4EDD-8F32-303D51E09911}.Release|Any CPU.Build.0 = Release|Any CPU
		{4ECC9BBA-6F59-4722-8C69-66AA98102C8F}.Debug|Any CPU.ActiveCfg = Debug|Any CPU
		{4ECC9BBA-6F59-4722-8C69-66AA98102C8F}.Debug|Any CPU.Build.0 = Debug|Any CPU
		{4ECC9BBA-6F59-4722-8C69-66AA98102C8F}.Release|Any CPU.ActiveCfg = Release|Any CPU
		{4ECC9BBA-6F59-4722-8C69-66AA98102C8F}.Release|Any CPU.Build.0 = Release|Any CPU
		{F07203CC-7207-4B53-BC74-B94452C703D7}.Debug|Any CPU.ActiveCfg = Debug|Any CPU
		{F07203CC-7207-4B53-BC74-B94452C703D7}.Debug|Any CPU.Build.0 = Debug|Any CPU
		{F07203CC-7207-4B53-BC74-B94452C703D7}.Release|Any CPU.ActiveCfg = Release|Any CPU
		{F07203CC-7207-4B53-BC74-B94452C703D7}.Release|Any CPU.Build.0 = Release|Any CPU
	EndGlobalSection
	GlobalSection(SolutionProperties) = preSolution
		HideSolutionNode = FALSE
	EndGlobalSection
	GlobalSection(ExtensibilityGlobals) = postSolution
		SolutionGuid = {0459D035-3D3F-4B0D-ACF0-413C2CF0C1AC}
	EndGlobalSection
EndGlobal
